// !$*UTF8*$!
{
	archiveVersion = 1;
	classes = {
	};
	objectVersion = 56;
	objects = {

/* Begin PBXBuildFile section */
		37076D6729C0344300960770 /* MenuItem.swift in Sources */ = {isa = PBXBuildFile; fileRef = 37076D6629C0344300960770 /* MenuItem.swift */; };
		37076D6929C0394700960770 /* DropdownMenu.swift in Sources */ = {isa = PBXBuildFile; fileRef = 37076D6829C0394700960770 /* DropdownMenu.swift */; };
		3759A58A29CD4BA800E888F2 /* SelectedItemView.swift in Sources */ = {isa = PBXBuildFile; fileRef = 3759A58929CD4BA800E888F2 /* SelectedItemView.swift */; };
		3788FCA129C7F1CF00E7C083 /* MenuItemRow.swift in Sources */ = {isa = PBXBuildFile; fileRef = 3788FCA029C7F1CF00E7C083 /* MenuItemRow.swift */; };
		3788FCA929C7F63E00E7C083 /* MenuItemRowButtonStyle.swift in Sources */ = {isa = PBXBuildFile; fileRef = 3788FCA829C7F63E00E7C083 /* MenuItemRowButtonStyle.swift */; };
		3788FCAB29C7F7A700E7C083 /* SelectionHighlight.swift in Sources */ = {isa = PBXBuildFile; fileRef = 3788FCAA29C7F7A700E7C083 /* SelectionHighlight.swift */; };
		37E6F25329BE9D7A0074937A /* DropdownMenu_SwiftUIApp.swift in Sources */ = {isa = PBXBuildFile; fileRef = 37E6F25229BE9D7A0074937A /* DropdownMenu_SwiftUIApp.swift */; };
		37E6F25529BE9D7A0074937A /* ContentView.swift in Sources */ = {isa = PBXBuildFile; fileRef = 37E6F25429BE9D7A0074937A /* ContentView.swift */; };
		37E6F25729BE9D7B0074937A /* Assets.xcassets in Resources */ = {isa = PBXBuildFile; fileRef = 37E6F25629BE9D7B0074937A /* Assets.xcassets */; };
		37E6F25A29BE9D7B0074937A /* Preview Assets.xcassets in Resources */ = {isa = PBXBuildFile; fileRef = 37E6F25929BE9D7B0074937A /* Preview Assets.xcassets */; };
		37E6F26429BE9D7B0074937A /* DropdownMenu_SwiftUITests.swift in Sources */ = {isa = PBXBuildFile; fileRef = 37E6F26329BE9D7B0074937A /* DropdownMenu_SwiftUITests.swift */; };
		37E6F26E29BE9D7B0074937A /* DropdownMenu_SwiftUIUITests.swift in Sources */ = {isa = PBXBuildFile; fileRef = 37E6F26D29BE9D7B0074937A /* DropdownMenu_SwiftUIUITests.swift */; };
		37E6F27029BE9D7B0074937A /* DropdownMenu_SwiftUIUITestsLaunchTests.swift in Sources */ = {isa = PBXBuildFile; fileRef = 37E6F26F29BE9D7B0074937A /* DropdownMenu_SwiftUIUITestsLaunchTests.swift */; };
/* End PBXBuildFile section */

/* Begin PBXContainerItemProxy section */
		37E6F26029BE9D7B0074937A /* PBXContainerItemProxy */ = {
			isa = PBXContainerItemProxy;
			containerPortal = 37E6F24729BE9D7A0074937A /* Project object */;
			proxyType = 1;
			remoteGlobalIDString = 37E6F24E29BE9D7A0074937A;
			remoteInfo = "DropdownMenu-SwiftUI";
		};
		37E6F26A29BE9D7B0074937A /* PBXContainerItemProxy */ = {
			isa = PBXContainerItemProxy;
			containerPortal = 37E6F24729BE9D7A0074937A /* Project object */;
			proxyType = 1;
			remoteGlobalIDString = 37E6F24E29BE9D7A0074937A;
			remoteInfo = "DropdownMenu-SwiftUI";
		};
/* End PBXContainerItemProxy section */

/* Begin PBXFileReference section */
		37076D6629C0344300960770 /* MenuItem.swift */ = {isa = PBXFileReference; lastKnownFileType = sourcecode.swift; path = MenuItem.swift; sourceTree = "<group>"; };
		37076D6829C0394700960770 /* DropdownMenu.swift */ = {isa = PBXFileReference; lastKnownFileType = sourcecode.swift; path = DropdownMenu.swift; sourceTree = "<group>"; };
		3759A58929CD4BA800E888F2 /* SelectedItemView.swift */ = {isa = PBXFileReference; lastKnownFileType = sourcecode.swift; path = SelectedItemView.swift; sourceTree = "<group>"; };
		3788FCA029C7F1CF00E7C083 /* MenuItemRow.swift */ = {isa = PBXFileReference; lastKnownFileType = sourcecode.swift; path = MenuItemRow.swift; sourceTree = "<group>"; };
		3788FCA829C7F63E00E7C083 /* MenuItemRowButtonStyle.swift */ = {isa = PBXFileReference; lastKnownFileType = sourcecode.swift; path = MenuItemRowButtonStyle.swift; sourceTree = "<group>"; };
		3788FCAA29C7F7A700E7C083 /* SelectionHighlight.swift */ = {isa = PBXFileReference; lastKnownFileType = sourcecode.swift; path = SelectionHighlight.swift; sourceTree = "<group>"; };
		37E6F24F29BE9D7A0074937A /* DropdownMenu-SwiftUI.app */ = {isa = PBXFileReference; explicitFileType = wrapper.application; includeInIndex = 0; path = "DropdownMenu-SwiftUI.app"; sourceTree = BUILT_PRODUCTS_DIR; };
		37E6F25229BE9D7A0074937A /* DropdownMenu_SwiftUIApp.swift */ = {isa = PBXFileReference; lastKnownFileType = sourcecode.swift; path = DropdownMenu_SwiftUIApp.swift; sourceTree = "<group>"; };
		37E6F25429BE9D7A0074937A /* ContentView.swift */ = {isa = PBXFileReference; lastKnownFileType = sourcecode.swift; path = ContentView.swift; sourceTree = "<group>"; };
		37E6F25629BE9D7B0074937A /* Assets.xcassets */ = {isa = PBXFileReference; lastKnownFileType = folder.assetcatalog; path = Assets.xcassets; sourceTree = "<group>"; };
		37E6F25929BE9D7B0074937A /* Preview Assets.xcassets */ = {isa = PBXFileReference; lastKnownFileType = folder.assetcatalog; path = "Preview Assets.xcassets"; sourceTree = "<group>"; };
		37E6F25F29BE9D7B0074937A /* DropdownMenu-SwiftUITests.xctest */ = {isa = PBXFileReference; explicitFileType = wrapper.cfbundle; includeInIndex = 0; path = "DropdownMenu-SwiftUITests.xctest"; sourceTree = BUILT_PRODUCTS_DIR; };
		37E6F26329BE9D7B0074937A /* DropdownMenu_SwiftUITests.swift */ = {isa = PBXFileReference; lastKnownFileType = sourcecode.swift; path = DropdownMenu_SwiftUITests.swift; sourceTree = "<group>"; };
		37E6F26929BE9D7B0074937A /* DropdownMenu-SwiftUIUITests.xctest */ = {isa = PBXFileReference; explicitFileType = wrapper.cfbundle; includeInIndex = 0; path = "DropdownMenu-SwiftUIUITests.xctest"; sourceTree = BUILT_PRODUCTS_DIR; };
		37E6F26D29BE9D7B0074937A /* DropdownMenu_SwiftUIUITests.swift */ = {isa = PBXFileReference; lastKnownFileType = sourcecode.swift; path = DropdownMenu_SwiftUIUITests.swift; sourceTree = "<group>"; };
		37E6F26F29BE9D7B0074937A /* DropdownMenu_SwiftUIUITestsLaunchTests.swift */ = {isa = PBXFileReference; lastKnownFileType = sourcecode.swift; path = DropdownMenu_SwiftUIUITestsLaunchTests.swift; sourceTree = "<group>"; };
/* End PBXFileReference section */

/* Begin PBXFrameworksBuildPhase section */
		37E6F24C29BE9D7A0074937A /* Frameworks */ = {
			isa = PBXFrameworksBuildPhase;
			buildActionMask = 2147483647;
			files = (
			);
			runOnlyForDeploymentPostprocessing = 0;
		};
		37E6F25C29BE9D7B0074937A /* Frameworks */ = {
			isa = PBXFrameworksBuildPhase;
			buildActionMask = 2147483647;
			files = (
			);
			runOnlyForDeploymentPostprocessing = 0;
		};
		37E6F26629BE9D7B0074937A /* Frameworks */ = {
			isa = PBXFrameworksBuildPhase;
			buildActionMask = 2147483647;
			files = (
			);
			runOnlyForDeploymentPostprocessing = 0;
		};
/* End PBXFrameworksBuildPhase section */

/* Begin PBXGroup section */
		37076D6529C0333E00960770 /* Dropdown Menu */ = {
			isa = PBXGroup;
			children = (
				3788FCA329C7F5C900E7C083 /* Models */,
				3788FCA529C7F5E400E7C083 /* Modifiers & Styles */,
				3788FCA429C7F5D600E7C083 /* Views */,
			);
			path = "Dropdown Menu";
			sourceTree = "<group>";
		};
		3788FCA329C7F5C900E7C083 /* Models */ = {
			isa = PBXGroup;
			children = (
				37076D6629C0344300960770 /* MenuItem.swift */,
			);
			path = Models;
			sourceTree = "<group>";
		};
		3788FCA429C7F5D600E7C083 /* Views */ = {
			isa = PBXGroup;
			children = (
				37076D6829C0394700960770 /* DropdownMenu.swift */,
				3788FCA029C7F1CF00E7C083 /* MenuItemRow.swift */,
				3788FCAA29C7F7A700E7C083 /* SelectionHighlight.swift */,
				3759A58929CD4BA800E888F2 /* SelectedItemView.swift */,
			);
			path = Views;
			sourceTree = "<group>";
		};
		3788FCA529C7F5E400E7C083 /* Modifiers & Styles */ = {
			isa = PBXGroup;
			children = (
				3788FCA829C7F63E00E7C083 /* MenuItemRowButtonStyle.swift */,
			);
			path = "Modifiers & Styles";
			sourceTree = "<group>";
		};
		37E6F24629BE9D7A0074937A = {
			isa = PBXGroup;
			children = (
				37E6F25129BE9D7A0074937A /* DropdownMenu-SwiftUI */,
				37E6F26229BE9D7B0074937A /* DropdownMenu-SwiftUITests */,
				37E6F26C29BE9D7B0074937A /* DropdownMenu-SwiftUIUITests */,
				37E6F25029BE9D7A0074937A /* Products */,
			);
			sourceTree = "<group>";
		};
		37E6F25029BE9D7A0074937A /* Products */ = {
			isa = PBXGroup;
			children = (
				37E6F24F29BE9D7A0074937A /* DropdownMenu-SwiftUI.app */,
				37E6F25F29BE9D7B0074937A /* DropdownMenu-SwiftUITests.xctest */,
				37E6F26929BE9D7B0074937A /* DropdownMenu-SwiftUIUITests.xctest */,
			);
			name = Products;
			sourceTree = "<group>";
		};
		37E6F25129BE9D7A0074937A /* DropdownMenu-SwiftUI */ = {
			isa = PBXGroup;
			children = (
				37E6F25429BE9D7A0074937A /* ContentView.swift */,
				37E6F25229BE9D7A0074937A /* DropdownMenu_SwiftUIApp.swift */,
				37E6F25629BE9D7B0074937A /* Assets.xcassets */,
				37076D6529C0333E00960770 /* Dropdown Menu */,
				37E6F25829BE9D7B0074937A /* Preview Content */,
			);
			path = "DropdownMenu-SwiftUI";
			sourceTree = "<group>";
		};
		37E6F25829BE9D7B0074937A /* Preview Content */ = {
			isa = PBXGroup;
			children = (
				37E6F25929BE9D7B0074937A /* Preview Assets.xcassets */,
			);
			path = "Preview Content";
			sourceTree = "<group>";
		};
		37E6F26229BE9D7B0074937A /* DropdownMenu-SwiftUITests */ = {
			isa = PBXGroup;
			children = (
				37E6F26329BE9D7B0074937A /* DropdownMenu_SwiftUITests.swift */,
			);
			path = "DropdownMenu-SwiftUITests";
			sourceTree = "<group>";
		};
		37E6F26C29BE9D7B0074937A /* DropdownMenu-SwiftUIUITests */ = {
			isa = PBXGroup;
			children = (
				37E6F26D29BE9D7B0074937A /* DropdownMenu_SwiftUIUITests.swift */,
				37E6F26F29BE9D7B0074937A /* DropdownMenu_SwiftUIUITestsLaunchTests.swift */,
			);
			path = "DropdownMenu-SwiftUIUITests";
			sourceTree = "<group>";
		};
/* End PBXGroup section */

/* Begin PBXNativeTarget section */
		37E6F24E29BE9D7A0074937A /* DropdownMenu-SwiftUI */ = {
			isa = PBXNativeTarget;
			buildConfigurationList = 37E6F27329BE9D7B0074937A /* Build configuration list for PBXNativeTarget "DropdownMenu-SwiftUI" */;
			buildPhases = (
				37E6F24B29BE9D7A0074937A /* Sources */,
				37E6F24C29BE9D7A0074937A /* Frameworks */,
				37E6F24D29BE9D7A0074937A /* Resources */,
			);
			buildRules = (
			);
			dependencies = (
			);
			name = "DropdownMenu-SwiftUI";
			productName = "DropdownMenu-SwiftUI";
			productReference = 37E6F24F29BE9D7A0074937A /* DropdownMenu-SwiftUI.app */;
			productType = "com.apple.product-type.application";
		};
		37E6F25E29BE9D7B0074937A /* DropdownMenu-SwiftUITests */ = {
			isa = PBXNativeTarget;
			buildConfigurationList = 37E6F27629BE9D7B0074937A /* Build configuration list for PBXNativeTarget "DropdownMenu-SwiftUITests" */;
			buildPhases = (
				37E6F25B29BE9D7B0074937A /* Sources */,
				37E6F25C29BE9D7B0074937A /* Frameworks */,
				37E6F25D29BE9D7B0074937A /* Resources */,
			);
			buildRules = (
			);
			dependencies = (
				37E6F26129BE9D7B0074937A /* PBXTargetDependency */,
			);
			name = "DropdownMenu-SwiftUITests";
			productName = "DropdownMenu-SwiftUITests";
			productReference = 37E6F25F29BE9D7B0074937A /* DropdownMenu-SwiftUITests.xctest */;
			productType = "com.apple.product-type.bundle.unit-test";
		};
		37E6F26829BE9D7B0074937A /* DropdownMenu-SwiftUIUITests */ = {
			isa = PBXNativeTarget;
			buildConfigurationList = 37E6F27929BE9D7B0074937A /* Build configuration list for PBXNativeTarget "DropdownMenu-SwiftUIUITests" */;
			buildPhases = (
				37E6F26529BE9D7B0074937A /* Sources */,
				37E6F26629BE9D7B0074937A /* Frameworks */,
				37E6F26729BE9D7B0074937A /* Resources */,
			);
			buildRules = (
			);
			dependencies = (
				37E6F26B29BE9D7B0074937A /* PBXTargetDependency */,
			);
			name = "DropdownMenu-SwiftUIUITests";
			productName = "DropdownMenu-SwiftUIUITests";
			productReference = 37E6F26929BE9D7B0074937A /* DropdownMenu-SwiftUIUITests.xctest */;
			productType = "com.apple.product-type.bundle.ui-testing";
		};
/* End PBXNativeTarget section */

/* Begin PBXProject section */
		37E6F24729BE9D7A0074937A /* Project object */ = {
			isa = PBXProject;
			attributes = {
				BuildIndependentTargetsInParallel = 1;
				LastSwiftUpdateCheck = 1420;
				LastUpgradeCheck = 1420;
				TargetAttributes = {
					37E6F24E29BE9D7A0074937A = {
						CreatedOnToolsVersion = 14.2;
					};
					37E6F25E29BE9D7B0074937A = {
						CreatedOnToolsVersion = 14.2;
						TestTargetID = 37E6F24E29BE9D7A0074937A;
					};
					37E6F26829BE9D7B0074937A = {
						CreatedOnToolsVersion = 14.2;
						TestTargetID = 37E6F24E29BE9D7A0074937A;
					};
				};
			};
			buildConfigurationList = 37E6F24A29BE9D7A0074937A /* Build configuration list for PBXProject "DropdownMenu-SwiftUI" */;
			compatibilityVersion = "Xcode 14.0";
			developmentRegion = en;
			hasScannedForEncodings = 0;
			knownRegions = (
				en,
				Base,
			);
			mainGroup = 37E6F24629BE9D7A0074937A;
			productRefGroup = 37E6F25029BE9D7A0074937A /* Products */;
			projectDirPath = "";
			projectRoot = "";
			targets = (
				37E6F24E29BE9D7A0074937A /* DropdownMenu-SwiftUI */,
				37E6F25E29BE9D7B0074937A /* DropdownMenu-SwiftUITests */,
				37E6F26829BE9D7B0074937A /* DropdownMenu-SwiftUIUITests */,
			);
		};
/* End PBXProject section */

/* Begin PBXResourcesBuildPhase section */
		37E6F24D29BE9D7A0074937A /* Resources */ = {
			isa = PBXResourcesBuildPhase;
			buildActionMask = 2147483647;
			files = (
				37E6F25A29BE9D7B0074937A /* Preview Assets.xcassets in Resources */,
				37E6F25729BE9D7B0074937A /* Assets.xcassets in Resources */,
			);
			runOnlyForDeploymentPostprocessing = 0;
		};
		37E6F25D29BE9D7B0074937A /* Resources */ = {
			isa = PBXResourcesBuildPhase;
			buildActionMask = 2147483647;
			files = (
			);
			runOnlyForDeploymentPostprocessing = 0;
		};
		37E6F26729BE9D7B0074937A /* Resources */ = {
			isa = PBXResourcesBuildPhase;
			buildActionMask = 2147483647;
			files = (
			);
			runOnlyForDeploymentPostprocessing = 0;
		};
/* End PBXResourcesBuildPhase section */

/* Begin PBXSourcesBuildPhase section */
		37E6F24B29BE9D7A0074937A /* Sources */ = {
			isa = PBXSourcesBuildPhase;
			buildActionMask = 2147483647;
			files = (
				3788FCA929C7F63E00E7C083 /* MenuItemRowButtonStyle.swift in Sources */,
				37076D6729C0344300960770 /* MenuItem.swift in Sources */,
				3788FCA129C7F1CF00E7C083 /* MenuItemRow.swift in Sources */,
				37E6F25529BE9D7A0074937A /* ContentView.swift in Sources */,
				3759A58A29CD4BA800E888F2 /* SelectedItemView.swift in Sources */,
				3788FCAB29C7F7A700E7C083 /* SelectionHighlight.swift in Sources */,
				37E6F25329BE9D7A0074937A /* DropdownMenu_SwiftUIApp.swift in Sources */,
				37076D6929C0394700960770 /* DropdownMenu.swift in Sources */,
			);
			runOnlyForDeploymentPostprocessing = 0;
		};
		37E6F25B29BE9D7B0074937A /* Sources */ = {
			isa = PBXSourcesBuildPhase;
			buildActionMask = 2147483647;
			files = (
				37E6F26429BE9D7B0074937A /* DropdownMenu_SwiftUITests.swift in Sources */,
			);
			runOnlyForDeploymentPostprocessing = 0;
		};
		37E6F26529BE9D7B0074937A /* Sources */ = {
			isa = PBXSourcesBuildPhase;
			buildActionMask = 2147483647;
			files = (
				37E6F27029BE9D7B0074937A /* DropdownMenu_SwiftUIUITestsLaunchTests.swift in Sources */,
				37E6F26E29BE9D7B0074937A /* DropdownMenu_SwiftUIUITests.swift in Sources */,
			);
			runOnlyForDeploymentPostprocessing = 0;
		};
/* End PBXSourcesBuildPhase section */

/* Begin PBXTargetDependency section */
		37E6F26129BE9D7B0074937A /* PBXTargetDependency */ = {
			isa = PBXTargetDependency;
			target = 37E6F24E29BE9D7A0074937A /* DropdownMenu-SwiftUI */;
			targetProxy = 37E6F26029BE9D7B0074937A /* PBXContainerItemProxy */;
		};
		37E6F26B29BE9D7B0074937A /* PBXTargetDependency */ = {
			isa = PBXTargetDependency;
			target = 37E6F24E29BE9D7A0074937A /* DropdownMenu-SwiftUI */;
			targetProxy = 37E6F26A29BE9D7B0074937A /* PBXContainerItemProxy */;
		};
/* End PBXTargetDependency section */

/* Begin XCBuildConfiguration section */
		37E6F27129BE9D7B0074937A /* Debug */ = {
			isa = XCBuildConfiguration;
			buildSettings = {
				ALWAYS_SEARCH_USER_PATHS = NO;
				CLANG_ANALYZER_NONNULL = YES;
				CLANG_ANALYZER_NUMBER_OBJECT_CONVERSION = YES_AGGRESSIVE;
				CLANG_CXX_LANGUAGE_STANDARD = "gnu++20";
				CLANG_ENABLE_MODULES = YES;
				CLANG_ENABLE_OBJC_ARC = YES;
				CLANG_ENABLE_OBJC_WEAK = YES;
				CLANG_WARN_BLOCK_CAPTURE_AUTORELEASING = YES;
				CLANG_WARN_BOOL_CONVERSION = YES;
				CLANG_WARN_COMMA = YES;
				CLANG_WARN_CONSTANT_CONVERSION = YES;
				CLANG_WARN_DEPRECATED_OBJC_IMPLEMENTATIONS = YES;
				CLANG_WARN_DIRECT_OBJC_ISA_USAGE = YES_ERROR;
				CLANG_WARN_DOCUMENTATION_COMMENTS = YES;
				CLANG_WARN_EMPTY_BODY = YES;
				CLANG_WARN_ENUM_CONVERSION = YES;
				CLANG_WARN_INFINITE_RECURSION = YES;
				CLANG_WARN_INT_CONVERSION = YES;
				CLANG_WARN_NON_LITERAL_NULL_CONVERSION = YES;
				CLANG_WARN_OBJC_IMPLICIT_RETAIN_SELF = YES;
				CLANG_WARN_OBJC_LITERAL_CONVERSION = YES;
				CLANG_WARN_OBJC_ROOT_CLASS = YES_ERROR;
				CLANG_WARN_QUOTED_INCLUDE_IN_FRAMEWORK_HEADER = YES;
				CLANG_WARN_RANGE_LOOP_ANALYSIS = YES;
				CLANG_WARN_STRICT_PROTOTYPES = YES;
				CLANG_WARN_SUSPICIOUS_MOVE = YES;
				CLANG_WARN_UNGUARDED_AVAILABILITY = YES_AGGRESSIVE;
				CLANG_WARN_UNREACHABLE_CODE = YES;
				CLANG_WARN__DUPLICATE_METHOD_MATCH = YES;
				COPY_PHASE_STRIP = NO;
				DEBUG_INFORMATION_FORMAT = dwarf;
				ENABLE_STRICT_OBJC_MSGSEND = YES;
				ENABLE_TESTABILITY = YES;
				GCC_C_LANGUAGE_STANDARD = gnu11;
				GCC_DYNAMIC_NO_PIC = NO;
				GCC_NO_COMMON_BLOCKS = YES;
				GCC_OPTIMIZATION_LEVEL = 0;
				GCC_PREPROCESSOR_DEFINITIONS = (
					"DEBUG=1",
					"$(inherited)",
				);
				GCC_WARN_64_TO_32_BIT_CONVERSION = YES;
				GCC_WARN_ABOUT_RETURN_TYPE = YES_ERROR;
				GCC_WARN_UNDECLARED_SELECTOR = YES;
				GCC_WARN_UNINITIALIZED_AUTOS = YES_AGGRESSIVE;
				GCC_WARN_UNUSED_FUNCTION = YES;
				GCC_WARN_UNUSED_VARIABLE = YES;
				IPHONEOS_DEPLOYMENT_TARGET = 16.2;
				MTL_ENABLE_DEBUG_INFO = INCLUDE_SOURCE;
				MTL_FAST_MATH = YES;
				ONLY_ACTIVE_ARCH = YES;
				SDKROOT = iphoneos;
				SWIFT_ACTIVE_COMPILATION_CONDITIONS = DEBUG;
				SWIFT_OPTIMIZATION_LEVEL = "-Onone";
			};
			name = Debug;
		};
		37E6F27229BE9D7B0074937A /* Release */ = {
			isa = XCBuildConfiguration;
			buildSettings = {
				ALWAYS_SEARCH_USER_PATHS = NO;
				CLANG_ANALYZER_NONNULL = YES;
				CLANG_ANALYZER_NUMBER_OBJECT_CONVERSION = YES_AGGRESSIVE;
				CLANG_CXX_LANGUAGE_STANDARD = "gnu++20";
				CLANG_ENABLE_MODULES = YES;
				CLANG_ENABLE_OBJC_ARC = YES;
				CLANG_ENABLE_OBJC_WEAK = YES;
				CLANG_WARN_BLOCK_CAPTURE_AUTORELEASING = YES;
				CLANG_WARN_BOOL_CONVERSION = YES;
				CLANG_WARN_COMMA = YES;
				CLANG_WARN_CONSTANT_CONVERSION = YES;
				CLANG_WARN_DEPRECATED_OBJC_IMPLEMENTATIONS = YES;
				CLANG_WARN_DIRECT_OBJC_ISA_USAGE = YES_ERROR;
				CLANG_WARN_DOCUMENTATION_COMMENTS = YES;
				CLANG_WARN_EMPTY_BODY = YES;
				CLANG_WARN_ENUM_CONVERSION = YES;
				CLANG_WARN_INFINITE_RECURSION = YES;
				CLANG_WARN_INT_CONVERSION = YES;
				CLANG_WARN_NON_LITERAL_NULL_CONVERSION = YES;
				CLANG_WARN_OBJC_IMPLICIT_RETAIN_SELF = YES;
				CLANG_WARN_OBJC_LITERAL_CONVERSION = YES;
				CLANG_WARN_OBJC_ROOT_CLASS = YES_ERROR;
				CLANG_WARN_QUOTED_INCLUDE_IN_FRAMEWORK_HEADER = YES;
				CLANG_WARN_RANGE_LOOP_ANALYSIS = YES;
				CLANG_WARN_STRICT_PROTOTYPES = YES;
				CLANG_WARN_SUSPICIOUS_MOVE = YES;
				CLANG_WARN_UNGUARDED_AVAILABILITY = YES_AGGRESSIVE;
				CLANG_WARN_UNREACHABLE_CODE = YES;
				CLANG_WARN__DUPLICATE_METHOD_MATCH = YES;
				COPY_PHASE_STRIP = NO;
				DEBUG_INFORMATION_FORMAT = "dwarf-with-dsym";
				ENABLE_NS_ASSERTIONS = NO;
				ENABLE_STRICT_OBJC_MSGSEND = YES;
				GCC_C_LANGUAGE_STANDARD = gnu11;
				GCC_NO_COMMON_BLOCKS = YES;
				GCC_WARN_64_TO_32_BIT_CONVERSION = YES;
				GCC_WARN_ABOUT_RETURN_TYPE = YES_ERROR;
				GCC_WARN_UNDECLARED_SELECTOR = YES;
				GCC_WARN_UNINITIALIZED_AUTOS = YES_AGGRESSIVE;
				GCC_WARN_UNUSED_FUNCTION = YES;
				GCC_WARN_UNUSED_VARIABLE = YES;
				IPHONEOS_DEPLOYMENT_TARGET = 16.2;
				MTL_ENABLE_DEBUG_INFO = NO;
				MTL_FAST_MATH = YES;
				SDKROOT = iphoneos;
				SWIFT_COMPILATION_MODE = wholemodule;
				SWIFT_OPTIMIZATION_LEVEL = "-O";
				VALIDATE_PRODUCT = YES;
			};
			name = Release;
		};
		37E6F27429BE9D7B0074937A /* Debug */ = {
			isa = XCBuildConfiguration;
			buildSettings = {
				ASSETCATALOG_COMPILER_APPICON_NAME = AppIcon;
				ASSETCATALOG_COMPILER_GLOBAL_ACCENT_COLOR_NAME = AccentColor;
				CODE_SIGN_STYLE = Automatic;
				CURRENT_PROJECT_VERSION = 1;
				DEVELOPMENT_ASSET_PATHS = "\"DropdownMenu-SwiftUI/Preview Content\"";
				DEVELOPMENT_TEAM = D6VB3396MT;
				ENABLE_PREVIEWS = YES;
				GENERATE_INFOPLIST_FILE = YES;
				INFOPLIST_KEY_UIApplicationSceneManifest_Generation = YES;
				INFOPLIST_KEY_UIApplicationSupportsIndirectInputEvents = YES;
				INFOPLIST_KEY_UILaunchScreen_Generation = YES;
				INFOPLIST_KEY_UISupportedInterfaceOrientations_iPad = "UIInterfaceOrientationPortrait UIInterfaceOrientationPortraitUpsideDown UIInterfaceOrientationLandscapeLeft UIInterfaceOrientationLandscapeRight";
				INFOPLIST_KEY_UISupportedInterfaceOrientations_iPhone = "UIInterfaceOrientationPortrait UIInterfaceOrientationLandscapeLeft UIInterfaceOrientationLandscapeRight";
				LD_RUNPATH_SEARCH_PATHS = (
					"$(inherited)",
					"@executable_path/Frameworks",
				);
				MARKETING_VERSION = 1.0;
				PRODUCT_BUNDLE_IDENTIFIER = "com.marlonraskin.DropdownMenu-SwiftUI";
				PRODUCT_NAME = "$(TARGET_NAME)";
				SWIFT_EMIT_LOC_STRINGS = YES;
				SWIFT_VERSION = 5.0;
				TARGETED_DEVICE_FAMILY = "1,2";
			};
			name = Debug;
		};
		37E6F27529BE9D7B0074937A /* Release */ = {
			isa = XCBuildConfiguration;
			buildSettings = {
				ASSETCATALOG_COMPILER_APPICON_NAME = AppIcon;
				ASSETCATALOG_COMPILER_GLOBAL_ACCENT_COLOR_NAME = AccentColor;
				CODE_SIGN_STYLE = Automatic;
				CURRENT_PROJECT_VERSION = 1;
				DEVELOPMENT_ASSET_PATHS = "\"DropdownMenu-SwiftUI/Preview Content\"";
				DEVELOPMENT_TEAM = D6VB3396MT;
				ENABLE_PREVIEWS = YES;
				GENERATE_INFOPLIST_FILE = YES;
				INFOPLIST_KEY_UIApplicationSceneManifest_Generation = YES;
				INFOPLIST_KEY_UIApplicationSupportsIndirectInputEvents = YES;
				INFOPLIST_KEY_UILaunchScreen_Generation = YES;
				INFOPLIST_KEY_UISupportedInterfaceOrientations_iPad = "UIInterfaceOrientationPortrait UIInterfaceOrientationPortraitUpsideDown UIInterfaceOrientationLandscapeLeft UIInterfaceOrientationLandscapeRight";
				INFOPLIST_KEY_UISupportedInterfaceOrientations_iPhone = "UIInterfaceOrientationPortrait UIInterfaceOrientationLandscapeLeft UIInterfaceOrientationLandscapeRight";
				LD_RUNPATH_SEARCH_PATHS = (
					"$(inherited)",
					"@executable_path/Frameworks",
				);
				MARKETING_VERSION = 1.0;
				PRODUCT_BUNDLE_IDENTIFIER = "com.marlonraskin.DropdownMenu-SwiftUI";
				PRODUCT_NAME = "$(TARGET_NAME)";
				SWIFT_EMIT_LOC_STRINGS = YES;
				SWIFT_VERSION = 5.0;
				TARGETED_DEVICE_FAMILY = "1,2";
			};
			name = Release;
		};
		37E6F27729BE9D7B0074937A /* Debug */ = {
			isa = XCBuildConfiguration;
			buildSettings = {
				ALWAYS_EMBED_SWIFT_STANDARD_LIBRARIES = YES;
				BUNDLE_LOADER = "$(TEST_HOST)";
				CODE_SIGN_STYLE = Automatic;
				CURRENT_PROJECT_VERSION = 1;
				DEVELOPMENT_TEAM = D6VB3396MT;
				GENERATE_INFOPLIST_FILE = YES;
				IPHONEOS_DEPLOYMENT_TARGET = 16.2;
				MARKETING_VERSION = 1.0;
				PRODUCT_BUNDLE_IDENTIFIER = "com.marlonraskin.DropdownMenu-SwiftUITests";
				PRODUCT_NAME = "$(TARGET_NAME)";
				SWIFT_EMIT_LOC_STRINGS = NO;
				SWIFT_VERSION = 5.0;
				TARGETED_DEVICE_FAMILY = "1,2";
				TEST_HOST = "$(BUILT_PRODUCTS_DIR)/DropdownMenu-SwiftUI.app/$(BUNDLE_EXECUTABLE_FOLDER_PATH)/DropdownMenu-SwiftUI";
			};
			name = Debug;
		};
		37E6F27829BE9D7B0074937A /* Release */ = {
			isa = XCBuildConfiguration;
			buildSettings = {
				ALWAYS_EMBED_SWIFT_STANDARD_LIBRARIES = YES;
				BUNDLE_LOADER = "$(TEST_HOST)";
				CODE_SIGN_STYLE = Automatic;
				CURRENT_PROJECT_VERSION = 1;
				DEVELOPMENT_TEAM = D6VB3396MT;
				GENERATE_INFOPLIST_FILE = YES;
				IPHONEOS_DEPLOYMENT_TARGET = 16.2;
				MARKETING_VERSION = 1.0;
				PRODUCT_BUNDLE_IDENTIFIER = "com.marlonraskin.DropdownMenu-SwiftUITests";
				PRODUCT_NAME = "$(TARGET_NAME)";
				SWIFT_EMIT_LOC_STRINGS = NO;
				SWIFT_VERSION = 5.0;
				TARGETED_DEVICE_FAMILY = "1,2";
				TEST_HOST = "$(BUILT_PRODUCTS_DIR)/DropdownMenu-SwiftUI.app/$(BUNDLE_EXECUTABLE_FOLDER_PATH)/DropdownMenu-SwiftUI";
			};
			name = Release;
		};
		37E6F27A29BE9D7B0074937A /* Debug */ = {
			isa = XCBuildConfiguration;
			buildSettings = {
				ALWAYS_EMBED_SWIFT_STANDARD_LIBRARIES = YES;
				CODE_SIGN_STYLE = Automatic;
				CURRENT_PROJECT_VERSION = 1;
				DEVELOPMENT_TEAM = D6VB3396MT;
				GENERATE_INFOPLIST_FILE = YES;
				MARKETING_VERSION = 1.0;
				PRODUCT_BUNDLE_IDENTIFIER = "com.marlonraskin.DropdownMenu-SwiftUIUITests";
				PRODUCT_NAME = "$(TARGET_NAME)";
				SWIFT_EMIT_LOC_STRINGS = NO;
				SWIFT_VERSION = 5.0;
				TARGETED_DEVICE_FAMILY = "1,2";
				TEST_TARGET_NAME = "DropdownMenu-SwiftUI";
			};
			name = Debug;
		};
		37E6F27B29BE9D7B0074937A /* Release */ = {
			isa = XCBuildConfiguration;
			buildSettings = {
				ALWAYS_EMBED_SWIFT_STANDARD_LIBRARIES = YES;
				CODE_SIGN_STYLE = Automatic;
				CURRENT_PROJECT_VERSION = 1;
				DEVELOPMENT_TEAM = D6VB3396MT;
				GENERATE_INFOPLIST_FILE = YES;
				MARKETING_VERSION = 1.0;
				PRODUCT_BUNDLE_IDENTIFIER = "com.marlonraskin.DropdownMenu-SwiftUIUITests";
				PRODUCT_NAME = "$(TARGET_NAME)";
				SWIFT_EMIT_LOC_STRINGS = NO;
				SWIFT_VERSION = 5.0;
				TARGETED_DEVICE_FAMILY = "1,2";
				TEST_TARGET_NAME = "DropdownMenu-SwiftUI";
			};
			name = Release;
		};
/* End XCBuildConfiguration section */

/* Begin XCConfigurationList section */
		37E6F24A29BE9D7A0074937A /* Build configuration list for PBXProject "DropdownMenu-SwiftUI" */ = {
			isa = XCConfigurationList;
			buildConfigurations = (
				37E6F27129BE9D7B0074937A /* Debug */,
				37E6F27229BE9D7B0074937A /* Release */,
			);
			defaultConfigurationIsVisible = 0;
			defaultConfigurationName = Release;
		};
		37E6F27329BE9D7B0074937A /* Build configuration list for PBXNativeTarget "DropdownMenu-SwiftUI" */ = {
			isa = XCConfigurationList;
			buildConfigurations = (
				37E6F27429BE9D7B0074937A /* Debug */,
				37E6F27529BE9D7B0074937A /* Release */,
			);
			defaultConfigurationIsVisible = 0;
			defaultConfigurationName = Release;
		};
		37E6F27629BE9D7B0074937A /* Build configuration list for PBXNativeTarget "DropdownMenu-SwiftUITests" */ = {
			isa = XCConfigurationList;
			buildConfigurations = (
				37E6F27729BE9D7B0074937A /* Debug */,
				37E6F27829BE9D7B0074937A /* Release */,
			);
			defaultConfigurationIsVisible = 0;
			defaultConfigurationName = Release;
		};
		37E6F27929BE9D7B0074937A /* Build configuration list for PBXNativeTarget "DropdownMenu-SwiftUIUITests" */ = {
			isa = XCConfigurationList;
			buildConfigurations = (
				37E6F27A29BE9D7B0074937A /* Debug */,
				37E6F27B29BE9D7B0074937A /* Release */,
			);
			defaultConfigurationIsVisible = 0;
			defaultConfigurationName = Release;
		};
/* End XCConfigurationList section */
	};
	rootObject = 37E6F24729BE9D7A0074937A /* Project object */;
}
